// !$*UTF8*$!
{
	archiveVersion = 1;
	classes = {
	};
	objectVersion = 46;
	objects = {

/* Begin PBXBuildFile section */
		181A203E1DD620F400843D5F /* HWDiscoverViewController.m in Sources */ = {isa = PBXBuildFile; fileRef = 181A20101DD620F400843D5F /* HWDiscoverViewController.m */; };
		181A203F1DD620F400843D5F /* HWHomeViewController.m in Sources */ = {isa = PBXBuildFile; fileRef = 181A20161DD620F400843D5F /* HWHomeViewController.m */; };
		181A20401DD620F400843D5F /* AppDelegate.m in Sources */ = {isa = PBXBuildFile; fileRef = 181A201B1DD620F400843D5F /* AppDelegate.m */; };
		181A20411DD620F400843D5F /* UIView+Extension.m in Sources */ = {isa = PBXBuildFile; fileRef = 181A201E1DD620F400843D5F /* UIView+Extension.m */; };
		181A20421DD620F400843D5F /* HWNavigationController.m in Sources */ = {isa = PBXBuildFile; fileRef = 181A20211DD620F400843D5F /* HWNavigationController.m */; };
		181A20431DD620F400843D5F /* HWTabbarViewController.m in Sources */ = {isa = PBXBuildFile; fileRef = 181A20231DD620F400843D5F /* HWTabbarViewController.m */; };
		181A20451DD620F400843D5F /* HWMessageCenterViewController.m in Sources */ = {isa = PBXBuildFile; fileRef = 181A202A1DD620F400843D5F /* HWMessageCenterViewController.m */; };
		181A20461DD620F400843D5F /* HWProfileViewController.m in Sources */ = {isa = PBXBuildFile; fileRef = 181A20341DD620F400843D5F /* HWProfileViewController.m */; };
		181A20471DD620F400843D5F /* HWTest1ViewController.m in Sources */ = {isa = PBXBuildFile; fileRef = 181A20391DD620F400843D5F /* HWTest1ViewController.m */; };
		181A20481DD620F400843D5F /* HWTest1ViewController.xib in Resources */ = {isa = PBXBuildFile; fileRef = 181A203A1DD620F400843D5F /* HWTest1ViewController.xib */; };
		181A20491DD620F400843D5F /* HWTest2ViewController.m in Sources */ = {isa = PBXBuildFile; fileRef = 181A203C1DD620F400843D5F /* HWTest2ViewController.m */; };
		181A204A1DD620F400843D5F /* HWTest2ViewController.xib in Resources */ = {isa = PBXBuildFile; fileRef = 181A203D1DD620F400843D5F /* HWTest2ViewController.xib */; };
		181A204C1DD621E500843D5F /* main.m in Sources */ = {isa = PBXBuildFile; fileRef = 181A204B1DD621E500843D5F /* main.m */; };
		181A20521DD6427200843D5F /* UIBarButtonItem+Extension.m in Sources */ = {isa = PBXBuildFile; fileRef = 181A20511DD6427200843D5F /* UIBarButtonItem+Extension.m */; };
		181A20551DD6CCF000843D5F /* HWSearchBar.m in Sources */ = {isa = PBXBuildFile; fileRef = 181A20541DD6CCF000843D5F /* HWSearchBar.m */; };
		181A20581DD7160400843D5F /* HWdropdownMenu.m in Sources */ = {isa = PBXBuildFile; fileRef = 181A20571DD7160400843D5F /* HWdropdownMenu.m */; };
		181A205B1DD723E800843D5F /* HWTitleMenuViewController.m in Sources */ = {isa = PBXBuildFile; fileRef = 181A205A1DD723E800843D5F /* HWTitleMenuViewController.m */; };
		18CCEA851DD572D600A88A11 /* Assets.xcassets in Resources */ = {isa = PBXBuildFile; fileRef = 18CCEA841DD572D600A88A11 /* Assets.xcassets */; };
		18CCEA931DD572D600A88A11 /* __Tests.m in Sources */ = {isa = PBXBuildFile; fileRef = 18CCEA921DD572D600A88A11 /* __Tests.m */; };
		18CCEA9E1DD572D600A88A11 /* __UITests.m in Sources */ = {isa = PBXBuildFile; fileRef = 18CCEA9D1DD572D600A88A11 /* __UITests.m */; };
/* End PBXBuildFile section */

/* Begin PBXContainerItemProxy section */
		18CCEA8F1DD572D600A88A11 /* PBXContainerItemProxy */ = {
			isa = PBXContainerItemProxy;
			containerPortal = 18CCEA6D1DD572D500A88A11 /* Project object */;
			proxyType = 1;
			remoteGlobalIDString = 18CCEA741DD572D500A88A11;
			remoteInfo = "微博";
		};
		18CCEA9A1DD572D600A88A11 /* PBXContainerItemProxy */ = {
			isa = PBXContainerItemProxy;
			containerPortal = 18CCEA6D1DD572D500A88A11 /* Project object */;
			proxyType = 1;
			remoteGlobalIDString = 18CCEA741DD572D500A88A11;
			remoteInfo = "微博";
		};
/* End PBXContainerItemProxy section */

/* Begin PBXFileReference section */
		181A200F1DD620F400843D5F /* HWDiscoverViewController.h */ = {isa = PBXFileReference; fileEncoding = 4; lastKnownFileType = sourcecode.c.h; path = HWDiscoverViewController.h; sourceTree = "<group>"; };
		181A20101DD620F400843D5F /* HWDiscoverViewController.m */ = {isa = PBXFileReference; fileEncoding = 4; lastKnownFileType = sourcecode.c.objc; path = HWDiscoverViewController.m; sourceTree = "<group>"; };
		181A20151DD620F400843D5F /* HWHomeViewController.h */ = {isa = PBXFileReference; fileEncoding = 4; lastKnownFileType = sourcecode.c.h; path = HWHomeViewController.h; sourceTree = "<group>"; };
		181A20161DD620F400843D5F /* HWHomeViewController.m */ = {isa = PBXFileReference; fileEncoding = 4; lastKnownFileType = sourcecode.c.objc; path = HWHomeViewController.m; sourceTree = "<group>"; };
		181A201A1DD620F400843D5F /* AppDelegate.h */ = {isa = PBXFileReference; fileEncoding = 4; lastKnownFileType = sourcecode.c.h; path = AppDelegate.h; sourceTree = "<group>"; };
		181A201B1DD620F400843D5F /* AppDelegate.m */ = {isa = PBXFileReference; fileEncoding = 4; lastKnownFileType = sourcecode.c.objc; path = AppDelegate.m; sourceTree = "<group>"; };
		181A201D1DD620F400843D5F /* UIView+Extension.h */ = {isa = PBXFileReference; fileEncoding = 4; lastKnownFileType = sourcecode.c.h; path = "UIView+Extension.h"; sourceTree = "<group>"; };
		181A201E1DD620F400843D5F /* UIView+Extension.m */ = {isa = PBXFileReference; fileEncoding = 4; lastKnownFileType = sourcecode.c.objc; path = "UIView+Extension.m"; sourceTree = "<group>"; };
		181A20201DD620F400843D5F /* HWNavigationController.h */ = {isa = PBXFileReference; fileEncoding = 4; lastKnownFileType = sourcecode.c.h; path = HWNavigationController.h; sourceTree = "<group>"; };
		181A20211DD620F400843D5F /* HWNavigationController.m */ = {isa = PBXFileReference; fileEncoding = 4; lastKnownFileType = sourcecode.c.objc; path = HWNavigationController.m; sourceTree = "<group>"; };
		181A20221DD620F400843D5F /* HWTabbarViewController.h */ = {isa = PBXFileReference; fileEncoding = 4; lastKnownFileType = sourcecode.c.h; path = HWTabbarViewController.h; sourceTree = "<group>"; };
		181A20231DD620F400843D5F /* HWTabbarViewController.m */ = {isa = PBXFileReference; fileEncoding = 4; lastKnownFileType = sourcecode.c.objc; path = HWTabbarViewController.m; sourceTree = "<group>"; };
		181A20291DD620F400843D5F /* HWMessageCenterViewController.h */ = {isa = PBXFileReference; fileEncoding = 4; lastKnownFileType = sourcecode.c.h; path = HWMessageCenterViewController.h; sourceTree = "<group>"; };
		181A202A1DD620F400843D5F /* HWMessageCenterViewController.m */ = {isa = PBXFileReference; fileEncoding = 4; lastKnownFileType = sourcecode.c.objc; path = HWMessageCenterViewController.m; sourceTree = "<group>"; };
		181A20331DD620F400843D5F /* HWProfileViewController.h */ = {isa = PBXFileReference; fileEncoding = 4; lastKnownFileType = sourcecode.c.h; path = HWProfileViewController.h; sourceTree = "<group>"; };
		181A20341DD620F400843D5F /* HWProfileViewController.m */ = {isa = PBXFileReference; fileEncoding = 4; lastKnownFileType = sourcecode.c.objc; path = HWProfileViewController.m; sourceTree = "<group>"; };
		181A20381DD620F400843D5F /* HWTest1ViewController.h */ = {isa = PBXFileReference; fileEncoding = 4; lastKnownFileType = sourcecode.c.h; path = HWTest1ViewController.h; sourceTree = "<group>"; };
		181A20391DD620F400843D5F /* HWTest1ViewController.m */ = {isa = PBXFileReference; fileEncoding = 4; lastKnownFileType = sourcecode.c.objc; path = HWTest1ViewController.m; sourceTree = "<group>"; };
		181A203A1DD620F400843D5F /* HWTest1ViewController.xib */ = {isa = PBXFileReference; fileEncoding = 4; lastKnownFileType = file.xib; path = HWTest1ViewController.xib; sourceTree = "<group>"; };
		181A203B1DD620F400843D5F /* HWTest2ViewController.h */ = {isa = PBXFileReference; fileEncoding = 4; lastKnownFileType = sourcecode.c.h; path = HWTest2ViewController.h; sourceTree = "<group>"; };
		181A203C1DD620F400843D5F /* HWTest2ViewController.m */ = {isa = PBXFileReference; fileEncoding = 4; lastKnownFileType = sourcecode.c.objc; path = HWTest2ViewController.m; sourceTree = "<group>"; };
		181A203D1DD620F400843D5F /* HWTest2ViewController.xib */ = {isa = PBXFileReference; fileEncoding = 4; lastKnownFileType = file.xib; path = HWTest2ViewController.xib; sourceTree = "<group>"; };
		181A204B1DD621E500843D5F /* main.m */ = {isa = PBXFileReference; fileEncoding = 4; lastKnownFileType = sourcecode.c.objc; name = main.m; path = Temp/main.m; sourceTree = "<group>"; };
		181A20501DD6427200843D5F /* UIBarButtonItem+Extension.h */ = {isa = PBXFileReference; fileEncoding = 4; lastKnownFileType = sourcecode.c.h; path = "UIBarButtonItem+Extension.h"; sourceTree = "<group>"; };
		181A20511DD6427200843D5F /* UIBarButtonItem+Extension.m */ = {isa = PBXFileReference; fileEncoding = 4; lastKnownFileType = sourcecode.c.objc; path = "UIBarButtonItem+Extension.m"; sourceTree = "<group>"; };
		181A20531DD6CCF000843D5F /* HWSearchBar.h */ = {isa = PBXFileReference; fileEncoding = 4; lastKnownFileType = sourcecode.c.h; path = HWSearchBar.h; sourceTree = "<group>"; };
		181A20541DD6CCF000843D5F /* HWSearchBar.m */ = {isa = PBXFileReference; fileEncoding = 4; lastKnownFileType = sourcecode.c.objc; path = HWSearchBar.m; sourceTree = "<group>"; };
		181A20561DD7160400843D5F /* HWdropdownMenu.h */ = {isa = PBXFileReference; fileEncoding = 4; lastKnownFileType = sourcecode.c.h; path = HWdropdownMenu.h; sourceTree = "<group>"; };
		181A20571DD7160400843D5F /* HWdropdownMenu.m */ = {isa = PBXFileReference; fileEncoding = 4; lastKnownFileType = sourcecode.c.objc; path = HWdropdownMenu.m; sourceTree = "<group>"; };
		181A20591DD723E800843D5F /* HWTitleMenuViewController.h */ = {isa = PBXFileReference; fileEncoding = 4; lastKnownFileType = sourcecode.c.h; path = HWTitleMenuViewController.h; sourceTree = "<group>"; };
		181A205A1DD723E800843D5F /* HWTitleMenuViewController.m */ = {isa = PBXFileReference; fileEncoding = 4; lastKnownFileType = sourcecode.c.objc; path = HWTitleMenuViewController.m; sourceTree = "<group>"; };
		181F92181DD5A483000E1722 /* PrefixHeader.pch */ = {isa = PBXFileReference; lastKnownFileType = sourcecode.c.h; path = PrefixHeader.pch; sourceTree = "<group>"; };
		18CCEA751DD572D600A88A11 /* 微博.app */ = {isa = PBXFileReference; explicitFileType = wrapper.application; includeInIndex = 0; path = "微博.app"; sourceTree = BUILT_PRODUCTS_DIR; };
		18CCEA841DD572D600A88A11 /* Assets.xcassets */ = {isa = PBXFileReference; lastKnownFileType = folder.assetcatalog; path = Assets.xcassets; sourceTree = "<group>"; };
		18CCEA891DD572D600A88A11 /* Info.plist */ = {isa = PBXFileReference; lastKnownFileType = text.plist.xml; path = Info.plist; sourceTree = "<group>"; };
		18CCEA8E1DD572D600A88A11 /* 微博Tests.xctest */ = {isa = PBXFileReference; explicitFileType = wrapper.cfbundle; includeInIndex = 0; path = "微博Tests.xctest"; sourceTree = BUILT_PRODUCTS_DIR; };
		18CCEA921DD572D600A88A11 /* __Tests.m */ = {isa = PBXFileReference; lastKnownFileType = sourcecode.c.objc; path = __Tests.m; sourceTree = "<group>"; };
		18CCEA941DD572D600A88A11 /* Info.plist */ = {isa = PBXFileReference; lastKnownFileType = text.plist.xml; path = Info.plist; sourceTree = "<group>"; };
		18CCEA991DD572D600A88A11 /* 微博UITests.xctest */ = {isa = PBXFileReference; explicitFileType = wrapper.cfbundle; includeInIndex = 0; path = "微博UITests.xctest"; sourceTree = BUILT_PRODUCTS_DIR; };
		18CCEA9D1DD572D600A88A11 /* __UITests.m */ = {isa = PBXFileReference; lastKnownFileType = sourcecode.c.objc; path = __UITests.m; sourceTree = "<group>"; };
		18CCEA9F1DD572D600A88A11 /* Info.plist */ = {isa = PBXFileReference; lastKnownFileType = text.plist.xml; path = Info.plist; sourceTree = "<group>"; };
/* End PBXFileReference section */

/* Begin PBXFrameworksBuildPhase section */
		18CCEA721DD572D500A88A11 /* Frameworks */ = {
			isa = PBXFrameworksBuildPhase;
			buildActionMask = 2147483647;
			files = (
			);
			runOnlyForDeploymentPostprocessing = 0;
		};
		18CCEA8B1DD572D600A88A11 /* Frameworks */ = {
			isa = PBXFrameworksBuildPhase;
			buildActionMask = 2147483647;
			files = (
			);
			runOnlyForDeploymentPostprocessing = 0;
		};
		18CCEA961DD572D600A88A11 /* Frameworks */ = {
			isa = PBXFrameworksBuildPhase;
			buildActionMask = 2147483647;
			files = (
			);
			runOnlyForDeploymentPostprocessing = 0;
		};
/* End PBXFrameworksBuildPhase section */

/* Begin PBXGroup section */
		181A200D1DD620F400843D5F /* Discover */ = {
			isa = PBXGroup;
			children = (
				181A200E1DD620F400843D5F /* Controller */,
				181A20111DD620F400843D5F /* Model */,
				181A20121DD620F400843D5F /* View */,
			);
			path = Discover;
			sourceTree = "<group>";
		};
		181A200E1DD620F400843D5F /* Controller */ = {
			isa = PBXGroup;
			children = (
				181A200F1DD620F400843D5F /* HWDiscoverViewController.h */,
				181A20101DD620F400843D5F /* HWDiscoverViewController.m */,
			);
			path = Controller;
			sourceTree = "<group>";
		};
		181A20111DD620F400843D5F /* Model */ = {
			isa = PBXGroup;
			children = (
			);
			path = Model;
			sourceTree = "<group>";
		};
		181A20121DD620F400843D5F /* View */ = {
			isa = PBXGroup;
			children = (
			);
			path = View;
			sourceTree = "<group>";
		};
		181A20131DD620F400843D5F /* Home */ = {
			isa = PBXGroup;
			children = (
				181A20141DD620F400843D5F /* Controller */,
				181A20171DD620F400843D5F /* Model */,
				181A20181DD620F400843D5F /* View */,
			);
			path = Home;
			sourceTree = "<group>";
		};
		181A20141DD620F400843D5F /* Controller */ = {
			isa = PBXGroup;
			children = (
				181A20151DD620F400843D5F /* HWHomeViewController.h */,
				181A20161DD620F400843D5F /* HWHomeViewController.m */,
				181A20591DD723E800843D5F /* HWTitleMenuViewController.h */,
				181A205A1DD723E800843D5F /* HWTitleMenuViewController.m */,
			);
			path = Controller;
			sourceTree = "<group>";
		};
		181A20171DD620F400843D5F /* Model */ = {
			isa = PBXGroup;
			children = (
			);
			path = Model;
			sourceTree = "<group>";
		};
		181A20181DD620F400843D5F /* View */ = {
			isa = PBXGroup;
			children = (
			);
			path = View;
			sourceTree = "<group>";
		};
		181A20191DD620F400843D5F /* Main */ = {
			isa = PBXGroup;
			children = (
				181A201A1DD620F400843D5F /* AppDelegate.h */,
				181A201B1DD620F400843D5F /* AppDelegate.m */,
				181A201C1DD620F400843D5F /* Catagory */,
				181A201F1DD620F400843D5F /* Controller */,
				181A20251DD620F400843D5F /* Model */,
				181A20261DD620F400843D5F /* View */,
			);
			path = Main;
			sourceTree = "<group>";
		};
		181A201C1DD620F400843D5F /* Catagory */ = {
			isa = PBXGroup;
			children = (
				181A201D1DD620F400843D5F /* UIView+Extension.h */,
				181A201E1DD620F400843D5F /* UIView+Extension.m */,
				181A20501DD6427200843D5F /* UIBarButtonItem+Extension.h */,
				181A20511DD6427200843D5F /* UIBarButtonItem+Extension.m */,
			);
			path = Catagory;
			sourceTree = "<group>";
		};
		181A201F1DD620F400843D5F /* Controller */ = {
			isa = PBXGroup;
			children = (
				181A20201DD620F400843D5F /* HWNavigationController.h */,
				181A20211DD620F400843D5F /* HWNavigationController.m */,
				181A20221DD620F400843D5F /* HWTabbarViewController.h */,
				181A20231DD620F400843D5F /* HWTabbarViewController.m */,
			);
			path = Controller;
			sourceTree = "<group>";
		};
		181A20251DD620F400843D5F /* Model */ = {
			isa = PBXGroup;
			children = (
			);
			path = Model;
			sourceTree = "<group>";
		};
		181A20261DD620F400843D5F /* View */ = {
			isa = PBXGroup;
			children = (
				181A20531DD6CCF000843D5F /* HWSearchBar.h */,
				181A20541DD6CCF000843D5F /* HWSearchBar.m */,
				181A20561DD7160400843D5F /* HWdropdownMenu.h */,
				181A20571DD7160400843D5F /* HWdropdownMenu.m */,
			);
			path = View;
			sourceTree = "<group>";
		};
		181A20271DD620F400843D5F /* Messagecenter */ = {
			isa = PBXGroup;
			children = (
				181A20281DD620F400843D5F /* Controller */,
				181A202B1DD620F400843D5F /* Model */,
				181A202C1DD620F400843D5F /* View */,
			);
			path = Messagecenter;
			sourceTree = "<group>";
		};
		181A20281DD620F400843D5F /* Controller */ = {
			isa = PBXGroup;
			children = (
				181A20291DD620F400843D5F /* HWMessageCenterViewController.h */,
				181A202A1DD620F400843D5F /* HWMessageCenterViewController.m */,
			);
			path = Controller;
			sourceTree = "<group>";
		};
		181A202B1DD620F400843D5F /* Model */ = {
			isa = PBXGroup;
			children = (
			);
			path = Model;
			sourceTree = "<group>";
		};
		181A202C1DD620F400843D5F /* View */ = {
			isa = PBXGroup;
			children = (
			);
			path = View;
			sourceTree = "<group>";
		};
		181A202D1DD620F400843D5F /* Other */ = {
			isa = PBXGroup;
			children = (
				181A202E1DD620F400843D5F /* Controller */,
				181A202F1DD620F400843D5F /* Model */,
				181A20301DD620F400843D5F /* View */,
			);
			path = Other;
			sourceTree = "<group>";
		};
		181A202E1DD620F400843D5F /* Controller */ = {
			isa = PBXGroup;
			children = (
			);
			path = Controller;
			sourceTree = "<group>";
		};
		181A202F1DD620F400843D5F /* Model */ = {
			isa = PBXGroup;
			children = (
			);
			path = Model;
			sourceTree = "<group>";
		};
		181A20301DD620F400843D5F /* View */ = {
			isa = PBXGroup;
			children = (
			);
			path = View;
			sourceTree = "<group>";
		};
		181A20311DD620F400843D5F /* Profile */ = {
			isa = PBXGroup;
			children = (
				181A20321DD620F400843D5F /* Controller */,
				181A20351DD620F400843D5F /* Model */,
				181A20361DD620F400843D5F /* View */,
			);
			path = Profile;
			sourceTree = "<group>";
		};
		181A20321DD620F400843D5F /* Controller */ = {
			isa = PBXGroup;
			children = (
				181A20331DD620F400843D5F /* HWProfileViewController.h */,
				181A20341DD620F400843D5F /* HWProfileViewController.m */,
			);
			path = Controller;
			sourceTree = "<group>";
		};
		181A20351DD620F400843D5F /* Model */ = {
			isa = PBXGroup;
			children = (
			);
			path = Model;
			sourceTree = "<group>";
		};
		181A20361DD620F400843D5F /* View */ = {
			isa = PBXGroup;
			children = (
			);
			path = View;
			sourceTree = "<group>";
		};
		181A20371DD620F400843D5F /* Temp */ = {
			isa = PBXGroup;
			children = (
				181A20381DD620F400843D5F /* HWTest1ViewController.h */,
				181A20391DD620F400843D5F /* HWTest1ViewController.m */,
				181A203A1DD620F400843D5F /* HWTest1ViewController.xib */,
				181A203B1DD620F400843D5F /* HWTest2ViewController.h */,
				181A203C1DD620F400843D5F /* HWTest2ViewController.m */,
				181A203D1DD620F400843D5F /* HWTest2ViewController.xib */,
			);
			path = Temp;
			sourceTree = "<group>";
		};
		18CCEA6C1DD572D500A88A11 = {
			isa = PBXGroup;
			children = (
				18CCEA771DD572D600A88A11 /* 微博 */,
				18CCEA911DD572D600A88A11 /* 微博Tests */,
				18CCEA9C1DD572D600A88A11 /* 微博UITests */,
				18CCEA761DD572D600A88A11 /* Products */,
			);
			sourceTree = "<group>";
		};
		18CCEA761DD572D600A88A11 /* Products */ = {
			isa = PBXGroup;
			children = (
				18CCEA751DD572D600A88A11 /* 微博.app */,
				18CCEA8E1DD572D600A88A11 /* 微博Tests.xctest */,
				18CCEA991DD572D600A88A11 /* 微博UITests.xctest */,
			);
			name = Products;
			sourceTree = "<group>";
		};
		18CCEA771DD572D600A88A11 /* 微博 */ = {
			isa = PBXGroup;
			children = (
				181A200D1DD620F400843D5F /* Discover */,
				181A20131DD620F400843D5F /* Home */,
				181A20191DD620F400843D5F /* Main */,
				181A20271DD620F400843D5F /* Messagecenter */,
				181A202D1DD620F400843D5F /* Other */,
				181A20311DD620F400843D5F /* Profile */,
				181A20371DD620F400843D5F /* Temp */,
				181A204B1DD621E500843D5F /* main.m */,
				18CCEA781DD572D600A88A11 /* Supporting Files */,
				181F92181DD5A483000E1722 /* PrefixHeader.pch */,
				18CCEA841DD572D600A88A11 /* Assets.xcassets */,
				18CCEA891DD572D600A88A11 /* Info.plist */,
			);
			path = "微博";
			sourceTree = "<group>";
		};
		18CCEA781DD572D600A88A11 /* Supporting Files */ = {
			isa = PBXGroup;
			children = (
			);
			name = "Supporting Files";
			sourceTree = "<group>";
		};
		18CCEA911DD572D600A88A11 /* 微博Tests */ = {
			isa = PBXGroup;
			children = (
				18CCEA921DD572D600A88A11 /* __Tests.m */,
				18CCEA941DD572D600A88A11 /* Info.plist */,
			);
			path = "微博Tests";
			sourceTree = "<group>";
		};
		18CCEA9C1DD572D600A88A11 /* 微博UITests */ = {
			isa = PBXGroup;
			children = (
				18CCEA9D1DD572D600A88A11 /* __UITests.m */,
				18CCEA9F1DD572D600A88A11 /* Info.plist */,
			);
			path = "微博UITests";
			sourceTree = "<group>";
		};
/* End PBXGroup section */

/* Begin PBXNativeTarget section */
		18CCEA741DD572D500A88A11 /* 微博 */ = {
			isa = PBXNativeTarget;
			buildConfigurationList = 18CCEAA21DD572D600A88A11 /* Build configuration list for PBXNativeTarget "微博" */;
			buildPhases = (
				18CCEA711DD572D500A88A11 /* Sources */,
				18CCEA721DD572D500A88A11 /* Frameworks */,
				18CCEA731DD572D500A88A11 /* Resources */,
			);
			buildRules = (
			);
			dependencies = (
			);
			name = "微博";
			productName = "微博";
			productReference = 18CCEA751DD572D600A88A11 /* 微博.app */;
			productType = "com.apple.product-type.application";
		};
		18CCEA8D1DD572D600A88A11 /* 微博Tests */ = {
			isa = PBXNativeTarget;
			buildConfigurationList = 18CCEAA51DD572D600A88A11 /* Build configuration list for PBXNativeTarget "微博Tests" */;
			buildPhases = (
				18CCEA8A1DD572D600A88A11 /* Sources */,
				18CCEA8B1DD572D600A88A11 /* Frameworks */,
				18CCEA8C1DD572D600A88A11 /* Resources */,
			);
			buildRules = (
			);
			dependencies = (
				18CCEA901DD572D600A88A11 /* PBXTargetDependency */,
			);
			name = "微博Tests";
			productName = "微博Tests";
			productReference = 18CCEA8E1DD572D600A88A11 /* 微博Tests.xctest */;
			productType = "com.apple.product-type.bundle.unit-test";
		};
		18CCEA981DD572D600A88A11 /* 微博UITests */ = {
			isa = PBXNativeTarget;
			buildConfigurationList = 18CCEAA81DD572D600A88A11 /* Build configuration list for PBXNativeTarget "微博UITests" */;
			buildPhases = (
				18CCEA951DD572D600A88A11 /* Sources */,
				18CCEA961DD572D600A88A11 /* Frameworks */,
				18CCEA971DD572D600A88A11 /* Resources */,
			);
			buildRules = (
			);
			dependencies = (
				18CCEA9B1DD572D600A88A11 /* PBXTargetDependency */,
			);
			name = "微博UITests";
			productName = "微博UITests";
			productReference = 18CCEA991DD572D600A88A11 /* 微博UITests.xctest */;
			productType = "com.apple.product-type.bundle.ui-testing";
		};
/* End PBXNativeTarget section */

/* Begin PBXProject section */
		18CCEA6D1DD572D500A88A11 /* Project object */ = {
			isa = PBXProject;
			attributes = {
				CLASSPREFIX = HW;
				LastUpgradeCheck = 0810;
				ORGANIZATIONNAME = Apple;
				TargetAttributes = {
					18CCEA741DD572D500A88A11 = {
						CreatedOnToolsVersion = 8.1;
						DevelopmentTeam = KV5C3BQHUV;
						ProvisioningStyle = Automatic;
					};
					18CCEA8D1DD572D600A88A11 = {
						CreatedOnToolsVersion = 8.1;
						DevelopmentTeam = KV5C3BQHUV;
						ProvisioningStyle = Automatic;
						TestTargetID = 18CCEA741DD572D500A88A11;
					};
					18CCEA981DD572D600A88A11 = {
						CreatedOnToolsVersion = 8.1;
						DevelopmentTeam = KV5C3BQHUV;
						ProvisioningStyle = Automatic;
						TestTargetID = 18CCEA741DD572D500A88A11;
					};
				};
			};
			buildConfigurationList = 18CCEA701DD572D500A88A11 /* Build configuration list for PBXProject "微博" */;
			compatibilityVersion = "Xcode 3.2";
			developmentRegion = English;
			hasScannedForEncodings = 0;
			knownRegions = (
				en,
				Base,
			);
			mainGroup = 18CCEA6C1DD572D500A88A11;
			productRefGroup = 18CCEA761DD572D600A88A11 /* Products */;
			projectDirPath = "";
			projectRoot = "";
			targets = (
				18CCEA741DD572D500A88A11 /* 微博 */,
				18CCEA8D1DD572D600A88A11 /* 微博Tests */,
				18CCEA981DD572D600A88A11 /* 微博UITests */,
			);
		};
/* End PBXProject section */

/* Begin PBXResourcesBuildPhase section */
		18CCEA731DD572D500A88A11 /* Resources */ = {
			isa = PBXResourcesBuildPhase;
			buildActionMask = 2147483647;
			files = (
				18CCEA851DD572D600A88A11 /* Assets.xcassets in Resources */,
				181A204A1DD620F400843D5F /* HWTest2ViewController.xib in Resources */,
				181A20481DD620F400843D5F /* HWTest1ViewController.xib in Resources */,
			);
			runOnlyForDeploymentPostprocessing = 0;
		};
		18CCEA8C1DD572D600A88A11 /* Resources */ = {
			isa = PBXResourcesBuildPhase;
			buildActionMask = 2147483647;
			files = (
			);
			runOnlyForDeploymentPostprocessing = 0;
		};
		18CCEA971DD572D600A88A11 /* Resources */ = {
			isa = PBXResourcesBuildPhase;
			buildActionMask = 2147483647;
			files = (
			);
			runOnlyForDeploymentPostprocessing = 0;
		};
/* End PBXResourcesBuildPhase section */

/* Begin PBXSourcesBuildPhase section */
		18CCEA711DD572D500A88A11 /* Sources */ = {
			isa = PBXSourcesBuildPhase;
			buildActionMask = 2147483647;
			files = (
				181A20411DD620F400843D5F /* UIView+Extension.m in Sources */,
				181A20401DD620F400843D5F /* AppDelegate.m in Sources */,
				181A20551DD6CCF000843D5F /* HWSearchBar.m in Sources */,
				181A203F1DD620F400843D5F /* HWHomeViewController.m in Sources */,
				181A205B1DD723E800843D5F /* HWTitleMenuViewController.m in Sources */,
				181A203E1DD620F400843D5F /* HWDiscoverViewController.m in Sources */,
				181A20421DD620F400843D5F /* HWNavigationController.m in Sources */,
				181A20491DD620F400843D5F /* HWTest2ViewController.m in Sources */,
				181A20471DD620F400843D5F /* HWTest1ViewController.m in Sources */,
				181A20431DD620F400843D5F /* HWTabbarViewController.m in Sources */,
				181A20451DD620F400843D5F /* HWMessageCenterViewController.m in Sources */,
				181A20581DD7160400843D5F /* HWdropdownMenu.m in Sources */,
				181A20521DD6427200843D5F /* UIBarButtonItem+Extension.m in Sources */,
				181A204C1DD621E500843D5F /* main.m in Sources */,
				181A20461DD620F400843D5F /* HWProfileViewController.m in Sources */,
			);
			runOnlyForDeploymentPostprocessing = 0;
		};
		18CCEA8A1DD572D600A88A11 /* Sources */ = {
			isa = PBXSourcesBuildPhase;
			buildActionMask = 2147483647;
			files = (
				18CCEA931DD572D600A88A11 /* __Tests.m in Sources */,
			);
			runOnlyForDeploymentPostprocessing = 0;
		};
		18CCEA951DD572D600A88A11 /* Sources */ = {
			isa = PBXSourcesBuildPhase;
			buildActionMask = 2147483647;
			files = (
				18CCEA9E1DD572D600A88A11 /* __UITests.m in Sources */,
			);
			runOnlyForDeploymentPostprocessing = 0;
		};
/* End PBXSourcesBuildPhase section */

/* Begin PBXTargetDependency section */
		18CCEA901DD572D600A88A11 /* PBXTargetDependency */ = {
			isa = PBXTargetDependency;
			target = 18CCEA741DD572D500A88A11 /* 微博 */;
			targetProxy = 18CCEA8F1DD572D600A88A11 /* PBXContainerItemProxy */;
		};
		18CCEA9B1DD572D600A88A11 /* PBXTargetDependency */ = {
			isa = PBXTargetDependency;
			target = 18CCEA741DD572D500A88A11 /* 微博 */;
			targetProxy = 18CCEA9A1DD572D600A88A11 /* PBXContainerItemProxy */;
		};
/* End PBXTargetDependency section */

/* Begin XCBuildConfiguration section */
		18CCEAA01DD572D600A88A11 /* Debug */ = {
			isa = XCBuildConfiguration;
			buildSettings = {
				ALWAYS_SEARCH_USER_PATHS = NO;
				CLANG_ANALYZER_NONNULL = YES;
				CLANG_CXX_LANGUAGE_STANDARD = "gnu++0x";
				CLANG_CXX_LIBRARY = "libc++";
				CLANG_ENABLE_MODULES = YES;
				CLANG_ENABLE_OBJC_ARC = YES;
				CLANG_WARN_BOOL_CONVERSION = YES;
				CLANG_WARN_CONSTANT_CONVERSION = YES;
				CLANG_WARN_DIRECT_OBJC_ISA_USAGE = YES_ERROR;
				CLANG_WARN_DOCUMENTATION_COMMENTS = YES;
				CLANG_WARN_EMPTY_BODY = YES;
				CLANG_WARN_ENUM_CONVERSION = YES;
				CLANG_WARN_INFINITE_RECURSION = YES;
				CLANG_WARN_INT_CONVERSION = YES;
				CLANG_WARN_OBJC_ROOT_CLASS = YES_ERROR;
				CLANG_WARN_SUSPICIOUS_MOVES = YES;
				CLANG_WARN_UNREACHABLE_CODE = YES;
				CLANG_WARN__DUPLICATE_METHOD_MATCH = YES;
				"CODE_SIGN_IDENTITY[sdk=iphoneos*]" = "iPhone Developer";
				COPY_PHASE_STRIP = NO;
				DEBUG_INFORMATION_FORMAT = dwarf;
				ENABLE_STRICT_OBJC_MSGSEND = YES;
				ENABLE_TESTABILITY = YES;
				GCC_C_LANGUAGE_STANDARD = gnu99;
				GCC_DYNAMIC_NO_PIC = NO;
				GCC_NO_COMMON_BLOCKS = YES;
				GCC_OPTIMIZATION_LEVEL = 0;
				GCC_PREPROCESSOR_DEFINITIONS = (
					"DEBUG=1",
					"$(inherited)",
				);
				GCC_WARN_64_TO_32_BIT_CONVERSION = YES;
				GCC_WARN_ABOUT_RETURN_TYPE = YES_ERROR;
				GCC_WARN_UNDECLARED_SELECTOR = YES;
				GCC_WARN_UNINITIALIZED_AUTOS = YES_AGGRESSIVE;
				GCC_WARN_UNUSED_FUNCTION = YES;
				GCC_WARN_UNUSED_VARIABLE = YES;
				IPHONEOS_DEPLOYMENT_TARGET = 10.1;
				MTL_ENABLE_DEBUG_INFO = YES;
				ONLY_ACTIVE_ARCH = YES;
				SDKROOT = iphoneos;
			};
			name = Debug;
		};
		18CCEAA11DD572D600A88A11 /* Release */ = {
			isa = XCBuildConfiguration;
			buildSettings = {
				ALWAYS_SEARCH_USER_PATHS = NO;
				CLANG_ANALYZER_NONNULL = YES;
				CLANG_CXX_LANGUAGE_STANDARD = "gnu++0x";
				CLANG_CXX_LIBRARY = "libc++";
				CLANG_ENABLE_MODULES = YES;
				CLANG_ENABLE_OBJC_ARC = YES;
				CLANG_WARN_BOOL_CONVERSION = YES;
				CLANG_WARN_CONSTANT_CONVERSION = YES;
				CLANG_WARN_DIRECT_OBJC_ISA_USAGE = YES_ERROR;
				CLANG_WARN_DOCUMENTATION_COMMENTS = YES;
				CLANG_WARN_EMPTY_BODY = YES;
				CLANG_WARN_ENUM_CONVERSION = YES;
				CLANG_WARN_INFINITE_RECURSION = YES;
				CLANG_WARN_INT_CONVERSION = YES;
				CLANG_WARN_OBJC_ROOT_CLASS = YES_ERROR;
				CLANG_WARN_SUSPICIOUS_MOVES = YES;
				CLANG_WARN_UNREACHABLE_CODE = YES;
				CLANG_WARN__DUPLICATE_METHOD_MATCH = YES;
				"CODE_SIGN_IDENTITY[sdk=iphoneos*]" = "iPhone Developer";
				COPY_PHASE_STRIP = NO;
				DEBUG_INFORMATION_FORMAT = "dwarf-with-dsym";
				ENABLE_NS_ASSERTIONS = NO;
				ENABLE_STRICT_OBJC_MSGSEND = YES;
				GCC_C_LANGUAGE_STANDARD = gnu99;
				GCC_NO_COMMON_BLOCKS = YES;
				GCC_WARN_64_TO_32_BIT_CONVERSION = YES;
				GCC_WARN_ABOUT_RETURN_TYPE = YES_ERROR;
				GCC_WARN_UNDECLARED_SELECTOR = YES;
				GCC_WARN_UNINITIALIZED_AUTOS = YES_AGGRESSIVE;
				GCC_WARN_UNUSED_FUNCTION = YES;
				GCC_WARN_UNUSED_VARIABLE = YES;
				IPHONEOS_DEPLOYMENT_TARGET = 10.1;
				MTL_ENABLE_DEBUG_INFO = NO;
				SDKROOT = iphoneos;
				VALIDATE_PRODUCT = YES;
			};
			name = Release;
		};
		18CCEAA31DD572D600A88A11 /* Debug */ = {
			isa = XCBuildConfiguration;
			buildSettings = {
				ASSETCATALOG_COMPILER_APPICON_NAME = AppIcon;
				ASSETCATALOG_COMPILER_LAUNCHIMAGE_NAME = LaunchImage;
				DEVELOPMENT_TEAM = KV5C3BQHUV;
				GCC_PRECOMPILE_PREFIX_HEADER = YES;
				GCC_PREFIX_HEADER = "微博/PrefixHeader.pch";
				INFOPLIST_FILE = "微博/Info.plist";
				IPHONEOS_DEPLOYMENT_TARGET = 8.0;
				LD_RUNPATH_SEARCH_PATHS = "$(inherited) @executable_path/Frameworks";
				PRODUCT_BUNDLE_IDENTIFIER = "cheng.--";
				PRODUCT_NAME = "$(TARGET_NAME)";
			};
			name = Debug;
		};
		18CCEAA41DD572D600A88A11 /* Release */ = {
			isa = XCBuildConfiguration;
			buildSettings = {
				ASSETCATALOG_COMPILER_APPICON_NAME = AppIcon;
				ASSETCATALOG_COMPILER_LAUNCHIMAGE_NAME = LaunchImage;
				DEVELOPMENT_TEAM = KV5C3BQHUV;
				GCC_PRECOMPILE_PREFIX_HEADER = YES;
				GCC_PREFIX_HEADER = "微博/PrefixHeader.pch";
				INFOPLIST_FILE = "微博/Info.plist";
				IPHONEOS_DEPLOYMENT_TARGET = 8.0;
				LD_RUNPATH_SEARCH_PATHS = "$(inherited) @executable_path/Frameworks";
				PRODUCT_BUNDLE_IDENTIFIER = "cheng.--";
				PRODUCT_NAME = "$(TARGET_NAME)";
			};
			name = Release;
		};
		18CCEAA61DD572D600A88A11 /* Debug */ = {
			isa = XCBuildConfiguration;
			buildSettings = {
				BUNDLE_LOADER = "$(TEST_HOST)";
				DEVELOPMENT_TEAM = KV5C3BQHUV;
				INFOPLIST_FILE = "微博Tests/Info.plist";
				LD_RUNPATH_SEARCH_PATHS = "$(inherited) @executable_path/Frameworks @loader_path/Frameworks";
				PRODUCT_BUNDLE_IDENTIFIER = "cheng.--Tests";
				PRODUCT_NAME = "$(TARGET_NAME)";
				TEST_HOST = "$(BUILT_PRODUCTS_DIR)/微博.app/微博";
			};
			name = Debug;
		};
		18CCEAA71DD572D600A88A11 /* Release */ = {
			isa = XCBuildConfiguration;
			buildSettings = {
				BUNDLE_LOADER = "$(TEST_HOST)";
				DEVELOPMENT_TEAM = KV5C3BQHUV;
				INFOPLIST_FILE = "微博Tests/Info.plist";
				LD_RUNPATH_SEARCH_PATHS = "$(inherited) @executable_path/Frameworks @loader_path/Frameworks";
				PRODUCT_BUNDLE_IDENTIFIER = "cheng.--Tests";
				PRODUCT_NAME = "$(TARGET_NAME)";
				TEST_HOST = "$(BUILT_PRODUCTS_DIR)/微博.app/微博";
			};
			name = Release;
		};
		18CCEAA91DD572D600A88A11 /* Debug */ = {
			isa = XCBuildConfiguration;
			buildSettings = {
				DEVELOPMENT_TEAM = KV5C3BQHUV;
				INFOPLIST_FILE = "微博UITests/Info.plist";
				LD_RUNPATH_SEARCH_PATHS = "$(inherited) @executable_path/Frameworks @loader_path/Frameworks";
				PRODUCT_BUNDLE_IDENTIFIER = "cheng.--UITests";
				PRODUCT_NAME = "$(TARGET_NAME)";
				TEST_TARGET_NAME = "微博";
			};
			name = Debug;
		};
		18CCEAAA1DD572D600A88A11 /* Release */ = {
			isa = XCBuildConfiguration;
			buildSettings = {
				DEVELOPMENT_TEAM = KV5C3BQHUV;
				INFOPLIST_FILE = "微博UITests/Info.plist";
				LD_RUNPATH_SEARCH_PATHS = "$(inherited) @executable_path/Frameworks @loader_path/Frameworks";
				PRODUCT_BUNDLE_IDENTIFIER = "cheng.--UITests";
				PRODUCT_NAME = "$(TARGET_NAME)";
				TEST_TARGET_NAME = "微博";
			};
			name = Release;
		};
/* End XCBuildConfiguration section */

/* Begin XCConfigurationList section */
		18CCEA701DD572D500A88A11 /* Build configuration list for PBXProject "微博" */ = {
			isa = XCConfigurationList;
			buildConfigurations = (
				18CCEAA01DD572D600A88A11 /* Debug */,
				18CCEAA11DD572D600A88A11 /* Release */,
			);
			defaultConfigurationIsVisible = 0;
			defaultConfigurationName = Release;
		};
		18CCEAA21DD572D600A88A11 /* Build configuration list for PBXNativeTarget "微博" */ = {
			isa = XCConfigurationList;
			buildConfigurations = (
				18CCEAA31DD572D600A88A11 /* Debug */,
				18CCEAA41DD572D600A88A11 /* Release */,
			);
			defaultConfigurationIsVisible = 0;
			defaultConfigurationName = Release;
		};
		18CCEAA51DD572D600A88A11 /* Build configuration list for PBXNativeTarget "微博Tests" */ = {
			isa = XCConfigurationList;
			buildConfigurations = (
				18CCEAA61DD572D600A88A11 /* Debug */,
				18CCEAA71DD572D600A88A11 /* Release */,
			);
			defaultConfigurationIsVisible = 0;
			defaultConfigurationName = Release;
		};
		18CCEAA81DD572D600A88A11 /* Build configuration list for PBXNativeTarget "微博UITests" */ = {
			isa = XCConfigurationList;
			buildConfigurations = (
				18CCEAA91DD572D600A88A11 /* Debug */,
				18CCEAAA1DD572D600A88A11 /* Release */,
			);
			defaultConfigurationIsVisible = 0;
			defaultConfigurationName = Release;
		};
/* End XCConfigurationList section */
	};
	rootObject = 18CCEA6D1DD572D500A88A11 /* Project object */;
}
